
Microsoft Visual Studio Solution File, Format Version 12.00
Project("{FAE04EC0-301F-11D3-BF4B-00C04F79EFBC}") = "Loan_Management_System_API_Task", "Loan_Management_System_API_Task\Loan_Management_System_API_Task.csproj", "{DC221773-6129-4601-9A70-65DD8AAD7F3C}"
EndProject
Project("{2150E333-8FDC-42A3-9474-1A3956D46DE8}") = "Solution_Items", "Solution_Items", "{2EB1DD5A-B3AF-4157-BA77-61F8582C36FD}"
	ProjectSection(SolutionItems) = preProject
		docker-compose.yml = docker-compose.yml
	EndProjectSection
EndProject
Project("{FAE04EC0-301F-11D3-BF4B-00C04F79EFBC}") = "Loan_Management_System_API_Task.Test", "Loan_Management_System_API_Task.Test\Loan_Management_System_API_Task.Test.csproj", "{E0426E09-0DEE-4784-A7A5-3876BA0BA516}"
EndProject
Global
	GlobalSection(SolutionConfigurationPlatforms) = preSolution
		Debug|Any CPU = Debug|Any CPU
		Release|Any CPU = Release|Any CPU
	EndGlobalSection
	GlobalSection(ProjectConfigurationPlatforms) = postSolution
		{DC221773-6129-4601-9A70-65DD8AAD7F3C}.Debug|Any CPU.ActiveCfg = Debug|Any CPU
		{DC221773-6129-4601-9A70-65DD8AAD7F3C}.Debug|Any CPU.Build.0 = Debug|Any CPU
		{DC221773-6129-4601-9A70-65DD8AAD7F3C}.Release|Any CPU.ActiveCfg = Release|Any CPU
		{DC221773-6129-4601-9A70-65DD8AAD7F3C}.Release|Any CPU.Build.0 = Release|Any CPU
		{E0426E09-0DEE-4784-A7A5-3876BA0BA516}.Debug|Any CPU.ActiveCfg = Debug|Any CPU
		{E0426E09-0DEE-4784-A7A5-3876BA0BA516}.Debug|Any CPU.Build.0 = Debug|Any CPU
		{E0426E09-0DEE-4784-A7A5-3876BA0BA516}.Release|Any CPU.ActiveCfg = Release|Any CPU
		{E0426E09-0DEE-4784-A7A5-3876BA0BA516}.Release|Any CPU.Build.0 = Release|Any CPU
	EndGlobalSection
EndGlobal
